
Microsoft Visual Studio Solution File, Format Version 12.00
Project("{FAE04EC0-301F-11D3-BF4B-00C04F79EFBC}") = "LifeSchedule", "src\LifeSchedule\LifeSchedule.csproj", "{468642F0-6446-410F-88F0-0EE15D364757}"
EndProject
Project("{FAE04EC0-301F-11D3-BF4B-00C04F79EFBC}") = "LifeSchedule.UnitTests", "LifeSchedule.UnitTests\LifeSchedule.UnitTests.csproj", "{5A3FCA2E-B972-4A7D-86FB-E897A882B5E2}"
EndProject
Global
	GlobalSection(SolutionConfigurationPlatforms) = preSolution
		Debug|Any CPU = Debug|Any CPU
		Release|Any CPU = Release|Any CPU
	EndGlobalSection
	GlobalSection(ProjectConfigurationPlatforms) = postSolution
		{468642F0-6446-410F-88F0-0EE15D364757}.Debug|Any CPU.ActiveCfg = Debug|Any CPU
		{468642F0-6446-410F-88F0-0EE15D364757}.Debug|Any CPU.Build.0 = Debug|Any CPU
		{468642F0-6446-410F-88F0-0EE15D364757}.Release|Any CPU.ActiveCfg = Release|Any CPU
		{468642F0-6446-410F-88F0-0EE15D364757}.Release|Any CPU.Build.0 = Release|Any CPU
		{5A3FCA2E-B972-4A7D-86FB-E897A882B5E2}.Debug|Any CPU.ActiveCfg = Debug|Any CPU
		{5A3FCA2E-B972-4A7D-86FB-E897A882B5E2}.Debug|Any CPU.Build.0 = Debug|Any CPU
		{5A3FCA2E-B972-4A7D-86FB-E897A882B5E2}.Release|Any CPU.ActiveCfg = Release|Any CPU
		{5A3FCA2E-B972-4A7D-86FB-E897A882B5E2}.Release|Any CPU.Build.0 = Release|Any CPU
	EndGlobalSection
EndGlobal
